// !$*UTF8*$!
{
	archiveVersion = 1;
	classes = {
	};
	objectVersion = 56;
	objects = {

/* Begin PBXBuildFile section */
		7B2295D92AD1C015000B55CA /* AppDelegate.swift in Sources */ = {isa = PBXBuildFile; fileRef = 7B2295D82AD1C015000B55CA /* AppDelegate.swift */; };
		7B2295DB2AD1C015000B55CA /* SceneDelegate.swift in Sources */ = {isa = PBXBuildFile; fileRef = 7B2295DA2AD1C015000B55CA /* SceneDelegate.swift */; };
		7B2295DD2AD1C015000B55CA /* ViewController.swift in Sources */ = {isa = PBXBuildFile; fileRef = 7B2295DC2AD1C015000B55CA /* ViewController.swift */; };
		7B2295E02AD1C015000B55CA /* Main.storyboard in Resources */ = {isa = PBXBuildFile; fileRef = 7B2295DE2AD1C015000B55CA /* Main.storyboard */; };
		7B2295E22AD1C016000B55CA /* Assets.xcassets in Resources */ = {isa = PBXBuildFile; fileRef = 7B2295E12AD1C016000B55CA /* Assets.xcassets */; };
		7B2295E52AD1C016000B55CA /* LaunchScreen.storyboard in Resources */ = {isa = PBXBuildFile; fileRef = 7B2295E32AD1C016000B55CA /* LaunchScreen.storyboard */; };
		7B2295ED2AD1C097000B55CA /* Constants.swift in Sources */ = {isa = PBXBuildFile; fileRef = 7B2295EC2AD1C097000B55CA /* Constants.swift */; };
		7B2295F12AD1C11C000B55CA /* Post.swift in Sources */ = {isa = PBXBuildFile; fileRef = 7B2295F02AD1C11C000B55CA /* Post.swift */; };
		7B2295F42AD1C1B5000B55CA /* PostServiceManager.swift in Sources */ = {isa = PBXBuildFile; fileRef = 7B2295F32AD1C1B5000B55CA /* PostServiceManager.swift */; };
/* End PBXBuildFile section */

/* Begin PBXFileReference section */
		7B2295D52AD1C015000B55CA /* WSCRUD.app */ = {isa = PBXFileReference; explicitFileType = wrapper.application; includeInIndex = 0; path = WSCRUD.app; sourceTree = BUILT_PRODUCTS_DIR; };
		7B2295D82AD1C015000B55CA /* AppDelegate.swift */ = {isa = PBXFileReference; lastKnownFileType = sourcecode.swift; path = AppDelegate.swift; sourceTree = "<group>"; };
		7B2295DA2AD1C015000B55CA /* SceneDelegate.swift */ = {isa = PBXFileReference; lastKnownFileType = sourcecode.swift; path = SceneDelegate.swift; sourceTree = "<group>"; };
		7B2295DC2AD1C015000B55CA /* ViewController.swift */ = {isa = PBXFileReference; lastKnownFileType = sourcecode.swift; path = ViewController.swift; sourceTree = "<group>"; };
		7B2295DF2AD1C015000B55CA /* Base */ = {isa = PBXFileReference; lastKnownFileType = file.storyboard; name = Base; path = Base.lproj/Main.storyboard; sourceTree = "<group>"; };
		7B2295E12AD1C016000B55CA /* Assets.xcassets */ = {isa = PBXFileReference; lastKnownFileType = folder.assetcatalog; path = Assets.xcassets; sourceTree = "<group>"; };
		7B2295E42AD1C016000B55CA /* Base */ = {isa = PBXFileReference; lastKnownFileType = file.storyboard; name = Base; path = Base.lproj/LaunchScreen.storyboard; sourceTree = "<group>"; };
		7B2295E62AD1C016000B55CA /* Info.plist */ = {isa = PBXFileReference; lastKnownFileType = text.plist.xml; path = Info.plist; sourceTree = "<group>"; };
		7B2295EC2AD1C097000B55CA /* Constants.swift */ = {isa = PBXFileReference; lastKnownFileType = sourcecode.swift; path = Constants.swift; sourceTree = "<group>"; };
		7B2295F02AD1C11C000B55CA /* Post.swift */ = {isa = PBXFileReference; lastKnownFileType = sourcecode.swift; path = Post.swift; sourceTree = "<group>"; };
		7B2295F32AD1C1B5000B55CA /* PostServiceManager.swift */ = {isa = PBXFileReference; lastKnownFileType = sourcecode.swift; path = PostServiceManager.swift; sourceTree = "<group>"; };
/* End PBXFileReference section */

/* Begin PBXFrameworksBuildPhase section */
		7B2295D22AD1C014000B55CA /* Frameworks */ = {
			isa = PBXFrameworksBuildPhase;
			buildActionMask = 2147483647;
			files = (
			);
			runOnlyForDeploymentPostprocessing = 0;
		};
/* End PBXFrameworksBuildPhase section */

/* Begin PBXGroup section */
		7B2295CC2AD1C014000B55CA = {
			isa = PBXGroup;
			children = (
				7B2295D72AD1C015000B55CA /* WSCRUD */,
				7B2295D62AD1C015000B55CA /* Products */,
			);
			sourceTree = "<group>";
		};
		7B2295D62AD1C015000B55CA /* Products */ = {
			isa = PBXGroup;
			children = (
				7B2295D52AD1C015000B55CA /* WSCRUD.app */,
			);
			name = Products;
			sourceTree = "<group>";
		};
		7B2295D72AD1C015000B55CA /* WSCRUD */ = {
			isa = PBXGroup;
			children = (
				7B2295F22AD1C17E000B55CA /* Service */,
				7B2295EF2AD1C0F7000B55CA /* Model */,
				7B2295D82AD1C015000B55CA /* AppDelegate.swift */,
				7B2295DA2AD1C015000B55CA /* SceneDelegate.swift */,
				7B2295DC2AD1C015000B55CA /* ViewController.swift */,
				7B2295DE2AD1C015000B55CA /* Main.storyboard */,
				7B2295E12AD1C016000B55CA /* Assets.xcassets */,
				7B2295E32AD1C016000B55CA /* LaunchScreen.storyboard */,
				7B2295E62AD1C016000B55CA /* Info.plist */,
				7B2295EE2AD1C0A3000B55CA /* Constants */,
			);
			path = WSCRUD;
			sourceTree = "<group>";
		};
		7B2295EE2AD1C0A3000B55CA /* Constants */ = {
			isa = PBXGroup;
			children = (
				7B2295EC2AD1C097000B55CA /* Constants.swift */,
			);
			path = Constants;
			sourceTree = "<group>";
		};
		7B2295EF2AD1C0F7000B55CA /* Model */ = {
			isa = PBXGroup;
			children = (
				7B2295F02AD1C11C000B55CA /* Post.swift */,
			);
			path = Model;
			sourceTree = "<group>";
		};
		7B2295F22AD1C17E000B55CA /* Service */ = {
			isa = PBXGroup;
			children = (
				7B2295F32AD1C1B5000B55CA /* PostServiceManager.swift */,
			);
			path = Service;
			sourceTree = "<group>";
		};
/* End PBXGroup section */

/* Begin PBXNativeTarget section */
		7B2295D42AD1C014000B55CA /* WSCRUD */ = {
			isa = PBXNativeTarget;
			buildConfigurationList = 7B2295E92AD1C016000B55CA /* Build configuration list for PBXNativeTarget "WSCRUD" */;
			buildPhases = (
				7B2295D12AD1C014000B55CA /* Sources */,
				7B2295D22AD1C014000B55CA /* Frameworks */,
				7B2295D32AD1C014000B55CA /* Resources */,
			);
			buildRules = (
			);
			dependencies = (
			);
			name = WSCRUD;
			productName = WSCRUD;
			productReference = 7B2295D52AD1C015000B55CA /* WSCRUD.app */;
			productType = "com.apple.product-type.application";
		};
/* End PBXNativeTarget section */

/* Begin PBXProject section */
		7B2295CD2AD1C014000B55CA /* Project object */ = {
			isa = PBXProject;
			attributes = {
				BuildIndependentTargetsInParallel = 1;
				LastSwiftUpdateCheck = 1420;
				LastUpgradeCheck = 1420;
				TargetAttributes = {
					7B2295D42AD1C014000B55CA = {
						CreatedOnToolsVersion = 14.2;
					};
				};
			};
			buildConfigurationList = 7B2295D02AD1C014000B55CA /* Build configuration list for PBXProject "WSCRUD" */;
			compatibilityVersion = "Xcode 14.0";
			developmentRegion = en;
			hasScannedForEncodings = 0;
			knownRegions = (
				en,
				Base,
			);
			mainGroup = 7B2295CC2AD1C014000B55CA;
			productRefGroup = 7B2295D62AD1C015000B55CA /* Products */;
			projectDirPath = "";
			projectRoot = "";
			targets = (
				7B2295D42AD1C014000B55CA /* WSCRUD */,
			);
		};
/* End PBXProject section */

/* Begin PBXResourcesBuildPhase section */
		7B2295D32AD1C014000B55CA /* Resources */ = {
			isa = PBXResourcesBuildPhase;
			buildActionMask = 2147483647;
			files = (
				7B2295E52AD1C016000B55CA /* LaunchScreen.storyboard in Resources */,
				7B2295E22AD1C016000B55CA /* Assets.xcassets in Resources */,
				7B2295E02AD1C015000B55CA /* Main.storyboard in Resources */,
			);
			runOnlyForDeploymentPostprocessing = 0;
		};
/* End PBXResourcesBuildPhase section */

/* Begin PBXSourcesBuildPhase section */
		7B2295D12AD1C014000B55CA /* Sources */ = {
			isa = PBXSourcesBuildPhase;
			buildActionMask = 2147483647;
			files = (
				7B2295DD2AD1C015000B55CA /* ViewController.swift in Sources */,
				7B2295F42AD1C1B5000B55CA /* PostServiceManager.swift in Sources */,
				7B2295D92AD1C015000B55CA /* AppDelegate.swift in Sources */,
				7B2295DB2AD1C015000B55CA /* SceneDelegate.swift in Sources */,
				7B2295ED2AD1C097000B55CA /* Constants.swift in Sources */,
				7B2295F12AD1C11C000B55CA /* Post.swift in Sources */,
			);
			runOnlyForDeploymentPostprocessing = 0;
		};
/* End PBXSourcesBuildPhase section */

/* Begin PBXVariantGroup section */
		7B2295DE2AD1C015000B55CA /* Main.storyboard */ = {
			isa = PBXVariantGroup;
			children = (
				7B2295DF2AD1C015000B55CA /* Base */,
			);
			name = Main.storyboard;
			sourceTree = "<group>";
		};
		7B2295E32AD1C016000B55CA /* LaunchScreen.storyboard */ = {
			isa = PBXVariantGroup;
			children = (
				7B2295E42AD1C016000B55CA /* Base */,
			);
			name = LaunchScreen.storyboard;
			sourceTree = "<group>";
		};
/* End PBXVariantGroup section */

/* Begin XCBuildConfiguration section */
		7B2295E72AD1C016000B55CA /* Debug */ = {
			isa = XCBuildConfiguration;
			buildSettings = {
				ALWAYS_SEARCH_USER_PATHS = NO;
				CLANG_ANALYZER_NONNULL = YES;
				CLANG_ANALYZER_NUMBER_OBJECT_CONVERSION = YES_AGGRESSIVE;
				CLANG_CXX_LANGUAGE_STANDARD = "gnu++20";
				CLANG_ENABLE_MODULES = YES;
				CLANG_ENABLE_OBJC_ARC = YES;
				CLANG_ENABLE_OBJC_WEAK = YES;
				CLANG_WARN_BLOCK_CAPTURE_AUTORELEASING = YES;
				CLANG_WARN_BOOL_CONVERSION = YES;
				CLANG_WARN_COMMA = YES;
				CLANG_WARN_CONSTANT_CONVERSION = YES;
				CLANG_WARN_DEPRECATED_OBJC_IMPLEMENTATIONS = YES;
				CLANG_WARN_DIRECT_OBJC_ISA_USAGE = YES_ERROR;
				CLANG_WARN_DOCUMENTATION_COMMENTS = YES;
				CLANG_WARN_EMPTY_BODY = YES;
				CLANG_WARN_ENUM_CONVERSION = YES;
				CLANG_WARN_INFINITE_RECURSION = YES;
				CLANG_WARN_INT_CONVERSION = YES;
				CLANG_WARN_NON_LITERAL_NULL_CONVERSION = YES;
				CLANG_WARN_OBJC_IMPLICIT_RETAIN_SELF = YES;
				CLANG_WARN_OBJC_LITERAL_CONVERSION = YES;
				CLANG_WARN_OBJC_ROOT_CLASS = YES_ERROR;
				CLANG_WARN_QUOTED_INCLUDE_IN_FRAMEWORK_HEADER = YES;
				CLANG_WARN_RANGE_LOOP_ANALYSIS = YES;
				CLANG_WARN_STRICT_PROTOTYPES = YES;
				CLANG_WARN_SUSPICIOUS_MOVE = YES;
				CLANG_WARN_UNGUARDED_AVAILABILITY = YES_AGGRESSIVE;
				CLANG_WARN_UNREACHABLE_CODE = YES;
				CLANG_WARN__DUPLICATE_METHOD_MATCH = YES;
				COPY_PHASE_STRIP = NO;
				DEBUG_INFORMATION_FORMAT = dwarf;
				ENABLE_STRICT_OBJC_MSGSEND = YES;
				ENABLE_TESTABILITY = YES;
				GCC_C_LANGUAGE_STANDARD = gnu11;
				GCC_DYNAMIC_NO_PIC = NO;
				GCC_NO_COMMON_BLOCKS = YES;
				GCC_OPTIMIZATION_LEVEL = 0;
				GCC_PREPROCESSOR_DEFINITIONS = (
					"DEBUG=1",
					"$(inherited)",
				);
				GCC_WARN_64_TO_32_BIT_CONVERSION = YES;
				GCC_WARN_ABOUT_RETURN_TYPE = YES_ERROR;
				GCC_WARN_UNDECLARED_SELECTOR = YES;
				GCC_WARN_UNINITIALIZED_AUTOS = YES_AGGRESSIVE;
				GCC_WARN_UNUSED_FUNCTION = YES;
				GCC_WARN_UNUSED_VARIABLE = YES;
				IPHONEOS_DEPLOYMENT_TARGET = 16.2;
				MTL_ENABLE_DEBUG_INFO = INCLUDE_SOURCE;
				MTL_FAST_MATH = YES;
				ONLY_ACTIVE_ARCH = YES;
				SDKROOT = iphoneos;
				SWIFT_ACTIVE_COMPILATION_CONDITIONS = DEBUG;
				SWIFT_OPTIMIZATION_LEVEL = "-Onone";
			};
			name = Debug;
		};
		7B2295E82AD1C016000B55CA /* Release */ = {
			isa = XCBuildConfiguration;
			buildSettings = {
				ALWAYS_SEARCH_USER_PATHS = NO;
				CLANG_ANALYZER_NONNULL = YES;
				CLANG_ANALYZER_NUMBER_OBJECT_CONVERSION = YES_AGGRESSIVE;
				CLANG_CXX_LANGUAGE_STANDARD = "gnu++20";
				CLANG_ENABLE_MODULES = YES;
				CLANG_ENABLE_OBJC_ARC = YES;
				CLANG_ENABLE_OBJC_WEAK = YES;
				CLANG_WARN_BLOCK_CAPTURE_AUTORELEASING = YES;
				CLANG_WARN_BOOL_CONVERSION = YES;
				CLANG_WARN_COMMA = YES;
				CLANG_WARN_CONSTANT_CONVERSION = YES;
				CLANG_WARN_DEPRECATED_OBJC_IMPLEMENTATIONS = YES;
				CLANG_WARN_DIRECT_OBJC_ISA_USAGE = YES_ERROR;
				CLANG_WARN_DOCUMENTATION_COMMENTS = YES;
				CLANG_WARN_EMPTY_BODY = YES;
				CLANG_WARN_ENUM_CONVERSION = YES;
				CLANG_WARN_INFINITE_RECURSION = YES;
				CLANG_WARN_INT_CONVERSION = YES;
				CLANG_WARN_NON_LITERAL_NULL_CONVERSION = YES;
				CLANG_WARN_OBJC_IMPLICIT_RETAIN_SELF = YES;
				CLANG_WARN_OBJC_LITERAL_CONVERSION = YES;
				CLANG_WARN_OBJC_ROOT_CLASS = YES_ERROR;
				CLANG_WARN_QUOTED_INCLUDE_IN_FRAMEWORK_HEADER = YES;
				CLANG_WARN_RANGE_LOOP_ANALYSIS = YES;
				CLANG_WARN_STRICT_PROTOTYPES = YES;
				CLANG_WARN_SUSPICIOUS_MOVE = YES;
				CLANG_WARN_UNGUARDED_AVAILABILITY = YES_AGGRESSIVE;
				CLANG_WARN_UNREACHABLE_CODE = YES;
				CLANG_WARN__DUPLICATE_METHOD_MATCH = YES;
				COPY_PHASE_STRIP = NO;
				DEBUG_INFORMATION_FORMAT = "dwarf-with-dsym";
				ENABLE_NS_ASSERTIONS = NO;
				ENABLE_STRICT_OBJC_MSGSEND = YES;
				GCC_C_LANGUAGE_STANDARD = gnu11;
				GCC_NO_COMMON_BLOCKS = YES;
				GCC_WARN_64_TO_32_BIT_CONVERSION = YES;
				GCC_WARN_ABOUT_RETURN_TYPE = YES_ERROR;
				GCC_WARN_UNDECLARED_SELECTOR = YES;
				GCC_WARN_UNINITIALIZED_AUTOS = YES_AGGRESSIVE;
				GCC_WARN_UNUSED_FUNCTION = YES;
				GCC_WARN_UNUSED_VARIABLE = YES;
				IPHONEOS_DEPLOYMENT_TARGET = 16.2;
				MTL_ENABLE_DEBUG_INFO = NO;
				MTL_FAST_MATH = YES;
				SDKROOT = iphoneos;
				SWIFT_COMPILATION_MODE = wholemodule;
				SWIFT_OPTIMIZATION_LEVEL = "-O";
				VALIDATE_PRODUCT = YES;
			};
			name = Release;
		};
		7B2295EA2AD1C016000B55CA /* Debug */ = {
			isa = XCBuildConfiguration;
			buildSettings = {
				ASSETCATALOG_COMPILER_APPICON_NAME = AppIcon;
				ASSETCATALOG_COMPILER_GLOBAL_ACCENT_COLOR_NAME = AccentColor;
				CODE_SIGN_STYLE = Automatic;
				CURRENT_PROJECT_VERSION = 1;
				DEVELOPMENT_TEAM = P2R43RKRE4;
				GENERATE_INFOPLIST_FILE = YES;
				INFOPLIST_FILE = WSCRUD/Info.plist;
				INFOPLIST_KEY_UIApplicationSupportsIndirectInputEvents = YES;
				INFOPLIST_KEY_UILaunchStoryboardName = LaunchScreen;
				INFOPLIST_KEY_UIMainStoryboardFile = Main;
				INFOPLIST_KEY_UISupportedInterfaceOrientations_iPad = "UIInterfaceOrientationPortrait UIInterfaceOrientationPortraitUpsideDown UIInterfaceOrientationLandscapeLeft UIInterfaceOrientationLandscapeRight";
				INFOPLIST_KEY_UISupportedInterfaceOrientations_iPhone = "UIInterfaceOrientationPortrait UIInterfaceOrientationLandscapeLeft UIInterfaceOrientationLandscapeRight";
				LD_RUNPATH_SEARCH_PATHS = (
					"$(inherited)",
					"@executable_path/Frameworks",
				);
				MARKETING_VERSION = 1.0;
				PRODUCT_BUNDLE_IDENTIFIER = mx.bitmania.WSCRUD;
				PRODUCT_NAME = "$(TARGET_NAME)";
				SUPPORTED_PLATFORMS = "iphoneos iphonesimulator";
				SUPPORTS_MACCATALYST = NO;
				SUPPORTS_MAC_DESIGNED_FOR_IPHONE_IPAD = NO;
				SWIFT_EMIT_LOC_STRINGS = YES;
				SWIFT_VERSION = 5.0;
				TARGETED_DEVICE_FAMILY = "1,2";
			};
			name = Debug;
		};
		7B2295EB2AD1C016000B55CA /* Release */ = {
			isa = XCBuildConfiguration;
			buildSettings = {
				ASSETCATALOG_COMPILER_APPICON_NAME = AppIcon;
				ASSETCATALOG_COMPILER_GLOBAL_ACCENT_COLOR_NAME = AccentColor;
				CODE_SIGN_STYLE = Automatic;
				CURRENT_PROJECT_VERSION = 1;
				DEVELOPMENT_TEAM = P2R43RKRE4;
				GENERATE_INFOPLIST_FILE = YES;
				INFOPLIST_FILE = WSCRUD/Info.plist;
				INFOPLIST_KEY_UIApplicationSupportsIndirectInputEvents = YES;
				INFOPLIST_KEY_UILaunchStoryboardName = LaunchScreen;
				INFOPLIST_KEY_UIMainStoryboardFile = Main;
				INFOPLIST_KEY_UISupportedInterfaceOrientations_iPad = "UIInterfaceOrientationPortrait UIInterfaceOrientationPortraitUpsideDown UIInterfaceOrientationLandscapeLeft UIInterfaceOrientationLandscapeRight";
				INFOPLIST_KEY_UISupportedInterfaceOrientations_iPhone = "UIInterfaceOrientationPortrait UIInterfaceOrientationLandscapeLeft UIInterfaceOrientationLandscapeRight";
				LD_RUNPATH_SEARCH_PATHS = (
					"$(inherited)",
					"@executable_path/Frameworks",
				);
				MARKETING_VERSION = 1.0;
				PRODUCT_BUNDLE_IDENTIFIER = mx.bitmania.WSCRUD;
				PRODUCT_NAME = "$(TARGET_NAME)";
				SUPPORTED_PLATFORMS = "iphoneos iphonesimulator";
				SUPPORTS_MACCATALYST = NO;
				SUPPORTS_MAC_DESIGNED_FOR_IPHONE_IPAD = NO;
				SWIFT_EMIT_LOC_STRINGS = YES;
				SWIFT_VERSION = 5.0;
				TARGETED_DEVICE_FAMILY = "1,2";
			};
			name = Release;
		};
/* End XCBuildConfiguration section */

/* Begin XCConfigurationList section */
		7B2295D02AD1C014000B55CA /* Build configuration list for PBXProject "WSCRUD" */ = {
			isa = XCConfigurationList;
			buildConfigurations = (
				7B2295E72AD1C016000B55CA /* Debug */,
				7B2295E82AD1C016000B55CA /* Release */,
			);
			defaultConfigurationIsVisible = 0;
			defaultConfigurationName = Release;
		};
		7B2295E92AD1C016000B55CA /* Build configuration list for PBXNativeTarget "WSCRUD" */ = {
			isa = XCConfigurationList;
			buildConfigurations = (
				7B2295EA2AD1C016000B55CA /* Debug */,
				7B2295EB2AD1C016000B55CA /* Release */,
			);
			defaultConfigurationIsVisible = 0;
			defaultConfigurationName = Release;
		};
/* End XCConfigurationList section */
	};
	rootObject = 7B2295CD2AD1C014000B55CA /* Project object */;
}
